
Microsoft Visual Studio Solution File, Format Version 12.00
# Visual Studio Version 17
VisualStudioVersion = 17.12.35506.116
MinimumVisualStudioVersion = 10.0.40219.1
Project("{FAE04EC0-301F-11D3-BF4B-00C04F79EFBC}") = "Application", "Application\Application.csproj", "{A4628174-EB72-45FF-9D57-A79F42D1B50A}"
EndProject
Project("{FAE04EC0-301F-11D3-BF4B-00C04F79EFBC}") = "Domain", "Domain\Domain.csproj", "{9E0FC25C-ADF6-4A9D-80E7-7DEA27CE072C}"
EndProject
Project("{2150E333-8FDC-42A3-9474-1A3956D46DE8}") = "1. API Layer", "1. API Layer", "{169828E0-924A-4F62-AA96-14FA78CE1B48}"
EndProject
Project("{2150E333-8FDC-42A3-9474-1A3956D46DE8}") = "2. ApplicationLayer", "2. ApplicationLayer", "{8E315762-3A87-4329-A3FA-B8255BDB6F6A}"
EndProject
Project("{2150E333-8FDC-42A3-9474-1A3956D46DE8}") = "3. Domain Layer", "3. Domain Layer", "{CEF31DF6-AE7D-4E25-92D3-12096D642D77}"
EndProject
Project("{2150E333-8FDC-42A3-9474-1A3956D46DE8}") = "4. Infra Layer", "4. Infra Layer", "{3919B0DC-9953-4914-810C-53699148B7E1}"
EndProject
Project("{2150E333-8FDC-42A3-9474-1A3956D46DE8}") = "5. Test Layer", "5. Test Layer", "{33FB737A-64B3-4762-A0FB-FA994299FB7B}"
EndProject
Project("{FAE04EC0-301F-11D3-BF4B-00C04F79EFBC}") = "Infra.Data", "Infra.Data\Infra.Data.csproj", "{24168D7D-2006-4A28-A1E8-B7A72A53B33C}"
EndProject
Project("{FAE04EC0-301F-11D3-BF4B-00C04F79EFBC}") = "Infra.IoC", "Infra.IoC\Infra.IoC.csproj", "{9B207078-7B69-4E37-8D58-0C794FB6DC54}"
EndProject
Project("{FAE04EC0-301F-11D3-BF4B-00C04F79EFBC}") = "Infra.Security", "Infra.Security\Infra.Security.csproj", "{DC3AA80F-7DCC-40D2-8D53-9363FBEAD194}"
EndProject
Project("{FAE04EC0-301F-11D3-BF4B-00C04F79EFBC}") = "Infra.Utils", "Infra.Utils\Infra.Utils.csproj", "{3A85AE99-97A9-419E-8620-81CF787BC29C}"
EndProject
Project("{FAE04EC0-301F-11D3-BF4B-00C04F79EFBC}") = "Application.Tests", "Application.Tests\Application.Tests.csproj", "{5B94833E-45B4-4AD0-917F-EB1C046B3B6B}"
EndProject
Project("{FAE04EC0-301F-11D3-BF4B-00C04F79EFBC}") = "Domain.Tests", "Domain.Tests\Domain.Tests.csproj", "{79E00D56-78AC-4CF1-9B9F-298024091771}"
EndProject
Project("{FAE04EC0-301F-11D3-BF4B-00C04F79EFBC}") = "API", "API\API.csproj", "{9CDFEED7-5AFE-4B04-9AF3-5BD0A2B1F11C}"
EndProject
Global
	GlobalSection(SolutionConfigurationPlatforms) = preSolution
		Debug|Any CPU = Debug|Any CPU
		Release|Any CPU = Release|Any CPU
	EndGlobalSection
	GlobalSection(ProjectConfigurationPlatforms) = postSolution
		{A4628174-EB72-45FF-9D57-A79F42D1B50A}.Debug|Any CPU.ActiveCfg = Debug|Any CPU
		{A4628174-EB72-45FF-9D57-A79F42D1B50A}.Debug|Any CPU.Build.0 = Debug|Any CPU
		{A4628174-EB72-45FF-9D57-A79F42D1B50A}.Release|Any CPU.ActiveCfg = Release|Any CPU
		{A4628174-EB72-45FF-9D57-A79F42D1B50A}.Release|Any CPU.Build.0 = Release|Any CPU
		{9E0FC25C-ADF6-4A9D-80E7-7DEA27CE072C}.Debug|Any CPU.ActiveCfg = Debug|Any CPU
		{9E0FC25C-ADF6-4A9D-80E7-7DEA27CE072C}.Debug|Any CPU.Build.0 = Debug|Any CPU
		{9E0FC25C-ADF6-4A9D-80E7-7DEA27CE072C}.Release|Any CPU.ActiveCfg = Release|Any CPU
		{9E0FC25C-ADF6-4A9D-80E7-7DEA27CE072C}.Release|Any CPU.Build.0 = Release|Any CPU
		{24168D7D-2006-4A28-A1E8-B7A72A53B33C}.Debug|Any CPU.ActiveCfg = Debug|Any CPU
		{24168D7D-2006-4A28-A1E8-B7A72A53B33C}.Debug|Any CPU.Build.0 = Debug|Any CPU
		{24168D7D-2006-4A28-A1E8-B7A72A53B33C}.Release|Any CPU.ActiveCfg = Release|Any CPU
		{24168D7D-2006-4A28-A1E8-B7A72A53B33C}.Release|Any CPU.Build.0 = Release|Any CPU
		{9B207078-7B69-4E37-8D58-0C794FB6DC54}.Debug|Any CPU.ActiveCfg = Debug|Any CPU
		{9B207078-7B69-4E37-8D58-0C794FB6DC54}.Debug|Any CPU.Build.0 = Debug|Any CPU
		{9B207078-7B69-4E37-8D58-0C794FB6DC54}.Release|Any CPU.ActiveCfg = Release|Any CPU
		{9B207078-7B69-4E37-8D58-0C794FB6DC54}.Release|Any CPU.Build.0 = Release|Any CPU
		{DC3AA80F-7DCC-40D2-8D53-9363FBEAD194}.Debug|Any CPU.ActiveCfg = Debug|Any CPU
		{DC3AA80F-7DCC-40D2-8D53-9363FBEAD194}.Debug|Any CPU.Build.0 = Debug|Any CPU
		{DC3AA80F-7DCC-40D2-8D53-9363FBEAD194}.Release|Any CPU.ActiveCfg = Release|Any CPU
		{DC3AA80F-7DCC-40D2-8D53-9363FBEAD194}.Release|Any CPU.Build.0 = Release|Any CPU
		{3A85AE99-97A9-419E-8620-81CF787BC29C}.Debug|Any CPU.ActiveCfg = Debug|Any CPU
		{3A85AE99-97A9-419E-8620-81CF787BC29C}.Debug|Any CPU.Build.0 = Debug|Any CPU
		{3A85AE99-97A9-419E-8620-81CF787BC29C}.Release|Any CPU.ActiveCfg = Release|Any CPU
		{3A85AE99-97A9-419E-8620-81CF787BC29C}.Release|Any CPU.Build.0 = Release|Any CPU
		{5B94833E-45B4-4AD0-917F-EB1C046B3B6B}.Debug|Any CPU.ActiveCfg = Debug|Any CPU
		{5B94833E-45B4-4AD0-917F-EB1C046B3B6B}.Debug|Any CPU.Build.0 = Debug|Any CPU
		{5B94833E-45B4-4AD0-917F-EB1C046B3B6B}.Release|Any CPU.ActiveCfg = Release|Any CPU
		{5B94833E-45B4-4AD0-917F-EB1C046B3B6B}.Release|Any CPU.Build.0 = Release|Any CPU
		{79E00D56-78AC-4CF1-9B9F-298024091771}.Debug|Any CPU.ActiveCfg = Debug|Any CPU
		{79E00D56-78AC-4CF1-9B9F-298024091771}.Debug|Any CPU.Build.0 = Debug|Any CPU
		{79E00D56-78AC-4CF1-9B9F-298024091771}.Release|Any CPU.ActiveCfg = Release|Any CPU
		{79E00D56-78AC-4CF1-9B9F-298024091771}.Release|Any CPU.Build.0 = Release|Any CPU
		{9CDFEED7-5AFE-4B04-9AF3-5BD0A2B1F11C}.Debug|Any CPU.ActiveCfg = Debug|Any CPU
		{9CDFEED7-5AFE-4B04-9AF3-5BD0A2B1F11C}.Debug|Any CPU.Build.0 = Debug|Any CPU
		{9CDFEED7-5AFE-4B04-9AF3-5BD0A2B1F11C}.Release|Any CPU.ActiveCfg = Release|Any CPU
		{9CDFEED7-5AFE-4B04-9AF3-5BD0A2B1F11C}.Release|Any CPU.Build.0 = Release|Any CPU
	EndGlobalSection
	GlobalSection(SolutionProperties) = preSolution
		HideSolutionNode = FALSE
	EndGlobalSection
	GlobalSection(NestedProjects) = preSolution
		{A4628174-EB72-45FF-9D57-A79F42D1B50A} = {8E315762-3A87-4329-A3FA-B8255BDB6F6A}
		{9E0FC25C-ADF6-4A9D-80E7-7DEA27CE072C} = {CEF31DF6-AE7D-4E25-92D3-12096D642D77}
		{24168D7D-2006-4A28-A1E8-B7A72A53B33C} = {3919B0DC-9953-4914-810C-53699148B7E1}
		{9B207078-7B69-4E37-8D58-0C794FB6DC54} = {3919B0DC-9953-4914-810C-53699148B7E1}
		{DC3AA80F-7DCC-40D2-8D53-9363FBEAD194} = {3919B0DC-9953-4914-810C-53699148B7E1}
		{3A85AE99-97A9-419E-8620-81CF787BC29C} = {3919B0DC-9953-4914-810C-53699148B7E1}
		{5B94833E-45B4-4AD0-917F-EB1C046B3B6B} = {33FB737A-64B3-4762-A0FB-FA994299FB7B}
		{79E00D56-78AC-4CF1-9B9F-298024091771} = {33FB737A-64B3-4762-A0FB-FA994299FB7B}
		{9CDFEED7-5AFE-4B04-9AF3-5BD0A2B1F11C} = {169828E0-924A-4F62-AA96-14FA78CE1B48}
	EndGlobalSection
EndGlobal
